// !$*UTF8*$!
{
	archiveVersion = 1;
	classes = {
	};
	objectVersion = 56;
	objects = {

/* Begin PBXBuildFile section */
		C0DEF0010000000000000001 /* SemanticRouteNavigator.swift in Sources */ = {isa = PBXBuildFile; fileRef = C0DEF0010000000000000003 /* SemanticRouteNavigator.swift */; };
		C0DEF0010000000000000002 /* SemanticNavigationPanel.swift in Sources */ = {isa = PBXBuildFile; fileRef = C0DEF0010000000000000004 /* SemanticNavigationPanel.swift */; };
		5D55F9582FBB7D3C00AAF844 /* ARMappingManager.swift in Sources */ = {isa = PBXBuildFile; fileRef = 5D55F9572FBB7D3C00AAF844 /* ARMappingManager.swift */; };
		5DF0CB5B2FBB7C98007C8AC4 /* ARMappingView.swift in Sources */ = {isa = PBXBuildFile; fileRef = 5DF0CB5A2FBB7C98007C8AC4 /* ARMappingView.swift */; };
		5F3B32A52F5F8228000AADBE /* NavigationSettingsView.swift in Sources */ = {isa = PBXBuildFile; fileRef = 5F3B32A42F5F8224000AADBE /* NavigationSettingsView.swift */; };
		5F3F2D7D2F678F3C008261F0 /* DebugLogger.swift in Sources */ = {isa = PBXBuildFile; fileRef = 5F3F2D7C2F678F38008261F0 /* DebugLogger.swift */; };
		5F3F2D7F2F678F65008261F0 /* DataExportManager.swift in Sources */ = {isa = PBXBuildFile; fileRef = 5F3F2D7E2F678F63008261F0 /* DataExportManager.swift */; };
		5F3F2D812F678F86008261F0 /* DebugOverlayView.swift in Sources */ = {isa = PBXBuildFile; fileRef = 5F3F2D802F678F84008261F0 /* DebugOverlayView.swift */; };
		5F4F75AF2F3D0F31002B79DF /* map_data.json in Resources */ = {isa = PBXBuildFile; fileRef = 5F4F75AE2F3D0F31002B79DF /* map_data.json */; };
		5F4F75B12F3D18B3002B79DF /* NavigationManager.swift in Sources */ = {isa = PBXBuildFile; fileRef = 5F4F75B02F3D18B3002B79DF /* NavigationManager.swift */; };
		5FB48BF22F4D446700D733AB /* OpenAIService.swift in Sources */ = {isa = PBXBuildFile; fileRef = 5FB48BF12F4D445B00D733AB /* OpenAIService.swift */; };
		5FB48BF42F4D449500D733AB /* ConversationOrbView.swift in Sources */ = {isa = PBXBuildFile; fileRef = 5FB48BF32F4D449200D733AB /* ConversationOrbView.swift */; };
		5FE9BCD02F5D38B2009F4503 /* Landingpageview.swift in Sources */ = {isa = PBXBuildFile; fileRef = 5FE9BCCF2F5D38AF009F4503 /* Landingpageview.swift */; };
		5FE9BCD42F5D38FF009F4503 /* Voicenavigationmanager.swift in Sources */ = {isa = PBXBuildFile; fileRef = 5FE9BCD32F5D38FE009F4503 /* Voicenavigationmanager.swift */; };
		A10000010000000000000001 /* IndoorNavigationTACMEApp.swift in Sources */ = {isa = PBXBuildFile; fileRef = A20000010000000000000001 /* IndoorNavigationTACMEApp.swift */; };
		A10000010000000000000002 /* Models.swift in Sources */ = {isa = PBXBuildFile; fileRef = A20000010000000000000002 /* Models.swift */; };
		A10000010000000000000003 /* NavigationAPIService.swift in Sources */ = {isa = PBXBuildFile; fileRef = A20000010000000000000003 /* NavigationAPIService.swift */; };
		A10000010000000000000004 /* GeminiService.swift in Sources */ = {isa = PBXBuildFile; fileRef = A20000010000000000000004 /* GeminiService.swift */; };
		A10000010000000000000005 /* IMUSensorManager.swift in Sources */ = {isa = PBXBuildFile; fileRef = A20000010000000000000005 /* IMUSensorManager.swift */; };
		A10000010000000000000006 /* IMUCalibrationManager.swift in Sources */ = {isa = PBXBuildFile; fileRef = A20000010000000000000006 /* IMUCalibrationManager.swift */; };
		A10000010000000000000007 /* TTSManager.swift in Sources */ = {isa = PBXBuildFile; fileRef = A20000010000000000000007 /* TTSManager.swift */; };
		A10000010000000000000008 /* QRCodeDetector.swift in Sources */ = {isa = PBXBuildFile; fileRef = A20000010000000000000008 /* QRCodeDetector.swift */; };
		A10000010000000000000009 /* LanguageManager.swift in Sources */ = {isa = PBXBuildFile; fileRef = A20000010000000000000009 /* LanguageManager.swift */; };
		A10000010000000000000011 /* ConversationManager.swift in Sources */ = {isa = PBXBuildFile; fileRef = A20000010000000000000011 /* ConversationManager.swift */; };
		A10000010000000000000012 /* POIExtractor.swift in Sources */ = {isa = PBXBuildFile; fileRef = A20000010000000000000012 /* POIExtractor.swift */; };
		A10000010000000000000013 /* NavigationScreen.swift in Sources */ = {isa = PBXBuildFile; fileRef = A20000010000000000000013 /* NavigationScreen.swift */; };
		A10000010000000000000014 /* StatusIndicatorView.swift in Sources */ = {isa = PBXBuildFile; fileRef = A20000010000000000000014 /* StatusIndicatorView.swift */; };
		A10000010000000000000015 /* NavigationInputSection.swift in Sources */ = {isa = PBXBuildFile; fileRef = A20000010000000000000015 /* NavigationInputSection.swift */; };
		A10000010000000000000016 /* StepCalibrationCard.swift in Sources */ = {isa = PBXBuildFile; fileRef = A20000010000000000000016 /* StepCalibrationCard.swift */; };
		A10000010000000000000017 /* InstructionCard.swift in Sources */ = {isa = PBXBuildFile; fileRef = A20000010000000000000017 /* InstructionCard.swift */; };
		A10000010000000000000018 /* NavigationControlsView.swift in Sources */ = {isa = PBXBuildFile; fileRef = A20000010000000000000018 /* NavigationControlsView.swift */; };
		A10000010000000000000019 /* QRDetectionCard.swift in Sources */ = {isa = PBXBuildFile; fileRef = A20000010000000000000019 /* QRDetectionCard.swift */; };
		A10000010000000000000020 /* ConversationSection.swift in Sources */ = {isa = PBXBuildFile; fileRef = A20000010000000000000020 /* ConversationSection.swift */; };
		A10000010000000000000021 /* Assets.xcassets in Resources */ = {isa = PBXBuildFile; fileRef = A20000010000000000000021 /* Assets.xcassets */; };
		A10000010000000000000023 /* LogWebAppService.swift in Sources */ = {isa = PBXBuildFile; fileRef = A20000010000000000000023 /* LogWebAppService.swift */; };
/* End PBXBuildFile section */

/* Begin PBXFileReference section */
		C0DEF0010000000000000003 /* SemanticRouteNavigator.swift */ = {isa = PBXFileReference; lastKnownFileType = sourcecode.swift; path = SemanticRouteNavigator.swift; sourceTree = "<group>"; };
		C0DEF0010000000000000004 /* SemanticNavigationPanel.swift */ = {isa = PBXFileReference; lastKnownFileType = sourcecode.swift; path = SemanticNavigationPanel.swift; sourceTree = "<group>"; };
		5D55F9572FBB7D3C00AAF844 /* ARMappingManager.swift */ = {isa = PBXFileReference; lastKnownFileType = sourcecode.swift; path = ARMappingManager.swift; sourceTree = "<group>"; };
		5DF0CB5A2FBB7C98007C8AC4 /* ARMappingView.swift */ = {isa = PBXFileReference; lastKnownFileType = sourcecode.swift; path = ARMappingView.swift; sourceTree = "<group>"; };
		5F3B32A42F5F8224000AADBE /* NavigationSettingsView.swift */ = {isa = PBXFileReference; lastKnownFileType = sourcecode.swift; path = NavigationSettingsView.swift; sourceTree = "<group>"; };
		5F3F2D7C2F678F38008261F0 /* DebugLogger.swift */ = {isa = PBXFileReference; lastKnownFileType = sourcecode.swift; path = DebugLogger.swift; sourceTree = "<group>"; };
		5F3F2D7E2F678F63008261F0 /* DataExportManager.swift */ = {isa = PBXFileReference; lastKnownFileType = sourcecode.swift; path = DataExportManager.swift; sourceTree = "<group>"; };
		5F3F2D802F678F84008261F0 /* DebugOverlayView.swift */ = {isa = PBXFileReference; lastKnownFileType = sourcecode.swift; path = DebugOverlayView.swift; sourceTree = "<group>"; };
		5F4F75AE2F3D0F31002B79DF /* map_data.json */ = {isa = PBXFileReference; lastKnownFileType = text.json; path = map_data.json; sourceTree = "<group>"; };
		5F4F75B02F3D18B3002B79DF /* NavigationManager.swift */ = {isa = PBXFileReference; lastKnownFileType = sourcecode.swift; path = NavigationManager.swift; sourceTree = "<group>"; };
		5FB48BF12F4D445B00D733AB /* OpenAIService.swift */ = {isa = PBXFileReference; lastKnownFileType = sourcecode.swift; path = OpenAIService.swift; sourceTree = "<group>"; };
		5FB48BF32F4D449200D733AB /* ConversationOrbView.swift */ = {isa = PBXFileReference; lastKnownFileType = sourcecode.swift; path = ConversationOrbView.swift; sourceTree = "<group>"; };
		5FE9BCCF2F5D38AF009F4503 /* Landingpageview.swift */ = {isa = PBXFileReference; lastKnownFileType = sourcecode.swift; path = Landingpageview.swift; sourceTree = "<group>"; };
		5FE9BCD32F5D38FE009F4503 /* Voicenavigationmanager.swift */ = {isa = PBXFileReference; lastKnownFileType = sourcecode.swift; path = Voicenavigationmanager.swift; sourceTree = "<group>"; };
		A20000010000000000000001 /* IndoorNavigationTACMEApp.swift */ = {isa = PBXFileReference; lastKnownFileType = sourcecode.swift; path = IndoorNavigationTACMEApp.swift; sourceTree = "<group>"; };
		A20000010000000000000002 /* Models.swift */ = {isa = PBXFileReference; lastKnownFileType = sourcecode.swift; path = Models.swift; sourceTree = "<group>"; };
		A20000010000000000000003 /* NavigationAPIService.swift */ = {isa = PBXFileReference; lastKnownFileType = sourcecode.swift; path = NavigationAPIService.swift; sourceTree = "<group>"; };
		A20000010000000000000004 /* GeminiService.swift */ = {isa = PBXFileReference; lastKnownFileType = sourcecode.swift; path = GeminiService.swift; sourceTree = "<group>"; };
		A20000010000000000000005 /* IMUSensorManager.swift */ = {isa = PBXFileReference; lastKnownFileType = sourcecode.swift; path = IMUSensorManager.swift; sourceTree = "<group>"; };
		A20000010000000000000006 /* IMUCalibrationManager.swift */ = {isa = PBXFileReference; lastKnownFileType = sourcecode.swift; path = IMUCalibrationManager.swift; sourceTree = "<group>"; };
		A20000010000000000000007 /* TTSManager.swift */ = {isa = PBXFileReference; lastKnownFileType = sourcecode.swift; path = TTSManager.swift; sourceTree = "<group>"; };
		A20000010000000000000008 /* QRCodeDetector.swift */ = {isa = PBXFileReference; lastKnownFileType = sourcecode.swift; path = QRCodeDetector.swift; sourceTree = "<group>"; };
		A20000010000000000000009 /* LanguageManager.swift */ = {isa = PBXFileReference; lastKnownFileType = sourcecode.swift; path = LanguageManager.swift; sourceTree = "<group>"; };
		A20000010000000000000011 /* ConversationManager.swift */ = {isa = PBXFileReference; lastKnownFileType = sourcecode.swift; path = ConversationManager.swift; sourceTree = "<group>"; };
		A20000010000000000000012 /* POIExtractor.swift */ = {isa = PBXFileReference; lastKnownFileType = sourcecode.swift; path = POIExtractor.swift; sourceTree = "<group>"; };
		A20000010000000000000013 /* NavigationScreen.swift */ = {isa = PBXFileReference; lastKnownFileType = sourcecode.swift; path = NavigationScreen.swift; sourceTree = "<group>"; };
		A20000010000000000000014 /* StatusIndicatorView.swift */ = {isa = PBXFileReference; lastKnownFileType = sourcecode.swift; path = StatusIndicatorView.swift; sourceTree = "<group>"; };
		A20000010000000000000015 /* NavigationInputSection.swift */ = {isa = PBXFileReference; lastKnownFileType = sourcecode.swift; path = NavigationInputSection.swift; sourceTree = "<group>"; };
		A20000010000000000000016 /* StepCalibrationCard.swift */ = {isa = PBXFileReference; lastKnownFileType = sourcecode.swift; path = StepCalibrationCard.swift; sourceTree = "<group>"; };
		A20000010000000000000017 /* InstructionCard.swift */ = {isa = PBXFileReference; lastKnownFileType = sourcecode.swift; path = InstructionCard.swift; sourceTree = "<group>"; };
		A20000010000000000000018 /* NavigationControlsView.swift */ = {isa = PBXFileReference; lastKnownFileType = sourcecode.swift; path = NavigationControlsView.swift; sourceTree = "<group>"; };
		A20000010000000000000019 /* QRDetectionCard.swift */ = {isa = PBXFileReference; lastKnownFileType = sourcecode.swift; path = QRDetectionCard.swift; sourceTree = "<group>"; };
		A20000010000000000000020 /* ConversationSection.swift */ = {isa = PBXFileReference; lastKnownFileType = sourcecode.swift; path = ConversationSection.swift; sourceTree = "<group>"; };
		A20000010000000000000021 /* Assets.xcassets */ = {isa = PBXFileReference; lastKnownFileType = folder.assetcatalog; path = Assets.xcassets; sourceTree = "<group>"; };
		A20000010000000000000022 /* Info.plist */ = {isa = PBXFileReference; lastKnownFileType = text.plist.xml; path = Info.plist; sourceTree = "<group>"; };
		A20000010000000000000023 /* LogWebAppService.swift */ = {isa = PBXFileReference; lastKnownFileType = sourcecode.swift; path = LogWebAppService.swift; sourceTree = "<group>"; };
		A30000010000000000000001 /* IndoorNavigationTACME.app */ = {isa = PBXFileReference; explicitFileType = wrapper.application; includeInIndex = 0; path = IndoorNavigationTACME.app; sourceTree = BUILT_PRODUCTS_DIR; };
/* End PBXFileReference section */

/* Begin PBXFrameworksBuildPhase section */
		A40000010000000000000001 /* Frameworks */ = {
			isa = PBXFrameworksBuildPhase;
			buildActionMask = 2147483647;
			files = (
			);
			runOnlyForDeploymentPostprocessing = 0;
		};
/* End PBXFrameworksBuildPhase section */

/* Begin PBXGroup section */
		A50000010000000000000001 = {
			isa = PBXGroup;
			children = (
				A50000010000000000000002 /* IndoorNavigationTACME */,
				A50000010000000000000003 /* Products */,
			);
			sourceTree = "<group>";
		};
		A50000010000000000000002 /* IndoorNavigationTACME */ = {
			isa = PBXGroup;
			children = (
				5F4F75AE2F3D0F31002B79DF /* map_data.json */,
				A20000010000000000000001 /* IndoorNavigationTACMEApp.swift */,
				A50000010000000000000004 /* Models */,
				A50000010000000000000005 /* Network */,
				A50000010000000000000006 /* Managers */,
				A50000010000000000000007 /* Utilities */,
				A50000010000000000000008 /* Views */,
				A20000010000000000000021 /* Assets.xcassets */,
				A20000010000000000000022 /* Info.plist */,
			);
			path = IndoorNavigationTACME;
			sourceTree = "<group>";
		};
		A50000010000000000000003 /* Products */ = {
			isa = PBXGroup;
			children = (
				A30000010000000000000001 /* IndoorNavigationTACME.app */,
			);
			name = Products;
			sourceTree = "<group>";
		};
		A50000010000000000000004 /* Models */ = {
			isa = PBXGroup;
			children = (
				A20000010000000000000002 /* Models.swift */,
			);
			path = Models;
			sourceTree = "<group>";
		};
		A50000010000000000000005 /* Network */ = {
			isa = PBXGroup;
			children = (
				5FB48BF12F4D445B00D733AB /* OpenAIService.swift */,
				A20000010000000000000003 /* NavigationAPIService.swift */,
				A20000010000000000000004 /* GeminiService.swift */,
				A20000010000000000000023 /* LogWebAppService.swift */,
			);
			path = Network;
			sourceTree = "<group>";
		};
		A50000010000000000000006 /* Managers */ = {
			isa = PBXGroup;
			children = (
				C0DEF0010000000000000003 /* SemanticRouteNavigator.swift */,
				5D55F9572FBB7D3C00AAF844 /* ARMappingManager.swift */,
				5FE9BCD32F5D38FE009F4503 /* Voicenavigationmanager.swift */,
				5F4F75B02F3D18B3002B79DF /* NavigationManager.swift */,
				A20000010000000000000005 /* IMUSensorManager.swift */,
				A20000010000000000000006 /* IMUCalibrationManager.swift */,
				A20000010000000000000007 /* TTSManager.swift */,
				A20000010000000000000008 /* QRCodeDetector.swift */,
				A20000010000000000000009 /* LanguageManager.swift */,
				A20000010000000000000011 /* ConversationManager.swift */,
			);
			path = Managers;
			sourceTree = "<group>";
		};
		A50000010000000000000007 /* Utilities */ = {
			isa = PBXGroup;
			children = (
				5F3F2D7E2F678F63008261F0 /* DataExportManager.swift */,
				5F3F2D7C2F678F38008261F0 /* DebugLogger.swift */,
				A20000010000000000000012 /* POIExtractor.swift */,
			);
			path = Utilities;
			sourceTree = "<group>";
		};
		A50000010000000000000008 /* Views */ = {
			isa = PBXGroup;
			children = (
				5DF0CB5A2FBB7C98007C8AC4 /* ARMappingView.swift */,
				5F3B32A42F5F8224000AADBE /* NavigationSettingsView.swift */,
				5FE9BCCF2F5D38AF009F4503 /* Landingpageview.swift */,
				5FB48BF32F4D449200D733AB /* ConversationOrbView.swift */,
				A20000010000000000000013 /* NavigationScreen.swift */,
				A50000010000000000000009 /* Components */,
			);
			path = Views;
			sourceTree = "<group>";
		};
		A50000010000000000000009 /* Components */ = {
			isa = PBXGroup;
			children = (
				C0DEF0010000000000000004 /* SemanticNavigationPanel.swift */,
				5F3F2D802F678F84008261F0 /* DebugOverlayView.swift */,
				A20000010000000000000014 /* StatusIndicatorView.swift */,
				A20000010000000000000015 /* NavigationInputSection.swift */,
				A20000010000000000000016 /* StepCalibrationCard.swift */,
				A20000010000000000000017 /* InstructionCard.swift */,
				A20000010000000000000018 /* NavigationControlsView.swift */,
				A20000010000000000000019 /* QRDetectionCard.swift */,
				A20000010000000000000020 /* ConversationSection.swift */,
			);
			path = Components;
			sourceTree = "<group>";
		};
/* End PBXGroup section */

/* Begin PBXNativeTarget section */
		A60000010000000000000001 /* IndoorNavigationTACME */ = {
			isa = PBXNativeTarget;
			buildConfigurationList = A80000010000000000000001 /* Build configuration list for PBXNativeTarget "IndoorNavigationTACME" */;
			buildPhases = (
				A70000010000000000000001 /* Sources */,
				A40000010000000000000001 /* Frameworks */,
				A70000010000000000000002 /* Resources */,
			);
			buildRules = (
			);
			dependencies = (
			);
			name = IndoorNavigationTACME;
			productName = IndoorNavigationTACME;
			productReference = A30000010000000000000001 /* IndoorNavigationTACME.app */;
			productType = "com.apple.product-type.application";
		};
/* End PBXNativeTarget section */

/* Begin PBXProject section */
		A90000010000000000000001 /* Project object */ = {
			isa = PBXProject;
			attributes = {
				BuildIndependentTargetsInParallel = 1;
				LastSwiftUpdateCheck = 1500;
				LastUpgradeCheck = 1500;
				TargetAttributes = {
					A60000010000000000000001 = {
						CreatedOnToolsVersion = 15.0;
					};
				};
			};
			buildConfigurationList = A80000010000000000000002 /* Build configuration list for PBXProject "IndoorNavigationTACME" */;
			compatibilityVersion = "Xcode 14.0";
			developmentRegion = en;
			hasScannedForEncodings = 0;
			knownRegions = (
				en,
				Base,
				fr,
			);
			mainGroup = A50000010000000000000001;
			productRefGroup = A50000010000000000000003 /* Products */;
			projectDirPath = "";
			projectRoot = "";
			targets = (
				A60000010000000000000001 /* IndoorNavigationTACME */,
			);
		};
/* End PBXProject section */

/* Begin PBXResourcesBuildPhase section */
		A70000010000000000000002 /* Resources */ = {
			isa = PBXResourcesBuildPhase;
			buildActionMask = 2147483647;
			files = (
				5F4F75AF2F3D0F31002B79DF /* map_data.json in Resources */,
				A10000010000000000000021 /* Assets.xcassets in Resources */,
			);
			runOnlyForDeploymentPostprocessing = 0;
		};
/* End PBXResourcesBuildPhase section */

/* Begin PBXSourcesBuildPhase section */
		A70000010000000000000001 /* Sources */ = {
			isa = PBXSourcesBuildPhase;
			buildActionMask = 2147483647;
			files = (
				A10000010000000000000001 /* IndoorNavigationTACMEApp.swift in Sources */,
				5F3B32A52F5F8228000AADBE /* NavigationSettingsView.swift in Sources */,
				A10000010000000000000002 /* Models.swift in Sources */,
				5F3F2D7D2F678F3C008261F0 /* DebugLogger.swift in Sources */,
				A10000010000000000000003 /* NavigationAPIService.swift in Sources */,
				A10000010000000000000023 /* LogWebAppService.swift in Sources */,
				C0DEF0010000000000000001 /* SemanticRouteNavigator.swift in Sources */,
				5D55F9582FBB7D3C00AAF844 /* ARMappingManager.swift in Sources */,
				A10000010000000000000004 /* GeminiService.swift in Sources */,
				A10000010000000000000005 /* IMUSensorManager.swift in Sources */,
				A10000010000000000000006 /* IMUCalibrationManager.swift in Sources */,
				A10000010000000000000007 /* TTSManager.swift in Sources */,
				5F3F2D812F678F86008261F0 /* DebugOverlayView.swift in Sources */,
				A10000010000000000000008 /* QRCodeDetector.swift in Sources */,
				A10000010000000000000009 /* LanguageManager.swift in Sources */,
				5F4F75B12F3D18B3002B79DF /* NavigationManager.swift in Sources */,
				A10000010000000000000011 /* ConversationManager.swift in Sources */,
				A10000010000000000000012 /* POIExtractor.swift in Sources */,
				A10000010000000000000013 /* NavigationScreen.swift in Sources */,
				A10000010000000000000014 /* StatusIndicatorView.swift in Sources */,
				5FB48BF22F4D446700D733AB /* OpenAIService.swift in Sources */,
				5FE9BCD02F5D38B2009F4503 /* Landingpageview.swift in Sources */,
				A10000010000000000000015 /* NavigationInputSection.swift in Sources */,
				5FE9BCD42F5D38FF009F4503 /* Voicenavigationmanager.swift in Sources */,
				A10000010000000000000016 /* StepCalibrationCard.swift in Sources */,
				5F3F2D7F2F678F65008261F0 /* DataExportManager.swift in Sources */,
				5DF0CB5B2FBB7C98007C8AC4 /* ARMappingView.swift in Sources */,
				C0DEF0010000000000000002 /* SemanticNavigationPanel.swift in Sources */,
				A10000010000000000000017 /* InstructionCard.swift in Sources */,
				A10000010000000000000018 /* NavigationControlsView.swift in Sources */,
				A10000010000000000000019 /* QRDetectionCard.swift in Sources */,
				A10000010000000000000020 /* ConversationSection.swift in Sources */,
				5FB48BF42F4D449500D733AB /* ConversationOrbView.swift in Sources */,
			);
			runOnlyForDeploymentPostprocessing = 0;
		};
/* End PBXSourcesBuildPhase section */

/* Begin XCBuildConfiguration section */
		B10000010000000000000001 /* Debug */ = {
			isa = XCBuildConfiguration;
			buildSettings = {
				ALWAYS_SEARCH_USER_PATHS = NO;
				ASSETCATALOG_COMPILER_GENERATE_SWIFT_ASSET_SYMBOL_EXTENSIONS = YES;
				CLANG_ANALYZER_NONNULL = YES;
				CLANG_ANALYZER_NUMBER_OBJECT_CONVERSION = YES_AGGRESSIVE;
				CLANG_CXX_LANGUAGE_STANDARD = "gnu++20";
				CLANG_ENABLE_MODULES = YES;
				CLANG_ENABLE_OBJC_ARC = YES;
				CLANG_ENABLE_OBJC_WEAK = YES;
				CLANG_WARN_BLOCK_CAPTURE_AUTORELEASING = YES;
				CLANG_WARN_BOOL_CONVERSION = YES;
				CLANG_WARN_COMMA = YES;
				CLANG_WARN_CONSTANT_CONVERSION = YES;
				CLANG_WARN_DEPRECATED_OBJC_IMPLEMENTATIONS = YES;
				CLANG_WARN_DIRECT_OBJC_ISA_USAGE = YES_ERROR;
				CLANG_WARN_DOCUMENTATION_COMMENTS = YES;
				CLANG_WARN_EMPTY_BODY = YES;
				CLANG_WARN_ENUM_CONVERSION = YES;
				CLANG_WARN_INFINITE_RECURSION = YES;
				CLANG_WARN_INT_CONVERSION = YES;
				CLANG_WARN_NON_LITERAL_NULL_CONVERSION = YES;
				CLANG_WARN_OBJC_IMPLICIT_RETAIN_SELF = YES;
				CLANG_WARN_OBJC_LITERAL_CONVERSION = YES;
				CLANG_WARN_OBJC_ROOT_CLASS = YES_ERROR;
				CLANG_WARN_QUOTED_INCLUDE_IN_FRAMEWORK_HEADER = YES;
				CLANG_WARN_RANGE_LOOP_ANALYSIS = YES;
				CLANG_WARN_STRICT_PROTOTYPES = YES;
				CLANG_WARN_SUSPICIOUS_MOVE = YES;
				CLANG_WARN_UNGUARDED_AVAILABILITY = YES_AGGRESSIVE;
				CLANG_WARN_UNREACHABLE_CODE = YES;
				CLANG_WARN__DUPLICATE_METHOD_MATCH = YES;
				COPY_PHASE_STRIP = NO;
				DEBUG_INFORMATION_FORMAT = dwarf;
				ENABLE_STRICT_OBJC_MSGSEND = YES;
				ENABLE_TESTABILITY = YES;
				ENABLE_USER_SCRIPT_SANDBOXING = YES;
				GCC_C_LANGUAGE_STANDARD = gnu17;
				GCC_DYNAMIC_NO_PIC = NO;
				GCC_NO_COMMON_BLOCKS = YES;
				GCC_OPTIMIZATION_LEVEL = 0;
				GCC_PREPROCESSOR_DEFINITIONS = (
					"DEBUG=1",
					"$(inherited)",
				);
				GCC_WARN_64_TO_32_BIT_CONVERSION = YES;
				GCC_WARN_ABOUT_RETURN_TYPE = YES_ERROR;
				GCC_WARN_UNDECLARED_SELECTOR = YES;
				GCC_WARN_UNINITIALIZED_AUTOS = YES_AGGRESSIVE;
				GCC_WARN_UNUSED_FUNCTION = YES;
				GCC_WARN_UNUSED_VARIABLE = YES;
				IPHONEOS_DEPLOYMENT_TARGET = 16.0;
				LOCALIZATION_PREFERS_STRING_CATALOGS = YES;
				MTL_ENABLE_DEBUG_INFO = INCLUDE_SOURCE;
				MTL_FAST_MATH = YES;
				ONLY_ACTIVE_ARCH = YES;
				SDKROOT = iphoneos;
				SWIFT_ACTIVE_COMPILATION_CONDITIONS = "DEBUG $(inherited)";
				SWIFT_OPTIMIZATION_LEVEL = "-Onone";
			};
			name = Debug;
		};
		B10000010000000000000002 /* Release */ = {
			isa = XCBuildConfiguration;
			buildSettings = {
				ALWAYS_SEARCH_USER_PATHS = NO;
				ASSETCATALOG_COMPILER_GENERATE_SWIFT_ASSET_SYMBOL_EXTENSIONS = YES;
				CLANG_ANALYZER_NONNULL = YES;
				CLANG_ANALYZER_NUMBER_OBJECT_CONVERSION = YES_AGGRESSIVE;
				CLANG_CXX_LANGUAGE_STANDARD = "gnu++20";
				CLANG_ENABLE_MODULES = YES;
				CLANG_ENABLE_OBJC_ARC = YES;
				CLANG_ENABLE_OBJC_WEAK = YES;
				CLANG_WARN_BLOCK_CAPTURE_AUTORELEASING = YES;
				CLANG_WARN_BOOL_CONVERSION = YES;
				CLANG_WARN_COMMA = YES;
				CLANG_WARN_CONSTANT_CONVERSION = YES;
				CLANG_WARN_DEPRECATED_OBJC_IMPLEMENTATIONS = YES;
				CLANG_WARN_DIRECT_OBJC_ISA_USAGE = YES_ERROR;
				CLANG_WARN_DOCUMENTATION_COMMENTS = YES;
				CLANG_WARN_EMPTY_BODY = YES;
				CLANG_WARN_ENUM_CONVERSION = YES;
				CLANG_WARN_INFINITE_RECURSION = YES;
				CLANG_WARN_INT_CONVERSION = YES;
				CLANG_WARN_NON_LITERAL_NULL_CONVERSION = YES;
				CLANG_WARN_OBJC_IMPLICIT_RETAIN_SELF = YES;
				CLANG_WARN_OBJC_LITERAL_CONVERSION = YES;
				CLANG_WARN_OBJC_ROOT_CLASS = YES_ERROR;
				CLANG_WARN_QUOTED_INCLUDE_IN_FRAMEWORK_HEADER = YES;
				CLANG_WARN_RANGE_LOOP_ANALYSIS = YES;
				CLANG_WARN_STRICT_PROTOTYPES = YES;
				CLANG_WARN_SUSPICIOUS_MOVE = YES;
				CLANG_WARN_UNGUARDED_AVAILABILITY = YES_AGGRESSIVE;
				CLANG_WARN_UNREACHABLE_CODE = YES;
				CLANG_WARN__DUPLICATE_METHOD_MATCH = YES;
				COPY_PHASE_STRIP = NO;
				DEBUG_INFORMATION_FORMAT = "dwarf-with-dsym";
				ENABLE_NS_ASSERTIONS = NO;
				ENABLE_STRICT_OBJC_MSGSEND = YES;
				ENABLE_USER_SCRIPT_SANDBOXING = YES;
				GCC_C_LANGUAGE_STANDARD = gnu17;
				GCC_NO_COMMON_BLOCKS = YES;
				GCC_WARN_64_TO_32_BIT_CONVERSION = YES;
				GCC_WARN_ABOUT_RETURN_TYPE = YES_ERROR;
				GCC_WARN_UNDECLARED_SELECTOR = YES;
				GCC_WARN_UNINITIALIZED_AUTOS = YES_AGGRESSIVE;
				GCC_WARN_UNUSED_FUNCTION = YES;
				GCC_WARN_UNUSED_VARIABLE = YES;
				IPHONEOS_DEPLOYMENT_TARGET = 16.0;
				LOCALIZATION_PREFERS_STRING_CATALOGS = YES;
				MTL_ENABLE_DEBUG_INFO = NO;
				MTL_FAST_MATH = YES;
				SDKROOT = iphoneos;
				SWIFT_COMPILATION_MODE = wholemodule;
				VALIDATE_PRODUCT = YES;
			};
			name = Release;
		};
		B10000010000000000000003 /* Debug */ = {
			isa = XCBuildConfiguration;
			buildSettings = {
				ASSETCATALOG_COMPILER_APPICON_NAME = AppIcon;
				ASSETCATALOG_COMPILER_GLOBAL_ACCENT_COLOR_NAME = AccentColor;
				CODE_SIGN_STYLE = Automatic;
				CURRENT_PROJECT_VERSION = 1;
				DEVELOPMENT_TEAM = VL65RWJV78;
				ENABLE_PREVIEWS = YES;
				GENERATE_INFOPLIST_FILE = NO;
				INFOPLIST_FILE = IndoorNavigationTACME/Info.plist;
				INFOPLIST_KEY_CFBundleDisplayName = ic4u;
				INFOPLIST_KEY_LSApplicationCategoryType = "public.app-category.navigation";
				INFOPLIST_KEY_UIApplicationSceneManifest_Generation = YES;
				INFOPLIST_KEY_UIApplicationSupportsIndirectInputEvents = YES;
				INFOPLIST_KEY_UILaunchScreen_Generation = YES;
				INFOPLIST_KEY_UISupportedInterfaceOrientations = UIInterfaceOrientationPortrait;
				INFOPLIST_KEY_UISupportedInterfaceOrientations_iPad = "UIInterfaceOrientationLandscapeLeft UIInterfaceOrientationLandscapeRight UIInterfaceOrientationPortrait UIInterfaceOrientationPortraitUpsideDown";
				IPHONEOS_DEPLOYMENT_TARGET = 26.0;
				LD_RUNPATH_SEARCH_PATHS = (
					"$(inherited)",
					"@executable_path/Frameworks",
				);
				MARKETING_VERSION = 1.0;
				PRODUCT_BUNDLE_IDENTIFIER = com.tacme.indoornavigation;
				PRODUCT_NAME = "$(TARGET_NAME)";
				SWIFT_EMIT_LOC_STRINGS = YES;
				SWIFT_STRICT_CONCURRENCY = complete;
				SWIFT_VERSION = 5.0;
				TARGETED_DEVICE_FAMILY = "1,2";
			};
			name = Debug;
		};
		B10000010000000000000004 /* Release */ = {
			isa = XCBuildConfiguration;
			buildSettings = {
				ASSETCATALOG_COMPILER_APPICON_NAME = AppIcon;
				ASSETCATALOG_COMPILER_GLOBAL_ACCENT_COLOR_NAME = AccentColor;
				CODE_SIGN_STYLE = Automatic;
				CURRENT_PROJECT_VERSION = 1;
				DEVELOPMENT_TEAM = VL65RWJV78;
				ENABLE_PREVIEWS = YES;
				GENERATE_INFOPLIST_FILE = NO;
				INFOPLIST_FILE = IndoorNavigationTACME/Info.plist;
				INFOPLIST_KEY_CFBundleDisplayName = ic4u;
				INFOPLIST_KEY_LSApplicationCategoryType = "public.app-category.navigation";
				INFOPLIST_KEY_UIApplicationSceneManifest_Generation = YES;
				INFOPLIST_KEY_UIApplicationSupportsIndirectInputEvents = YES;
				INFOPLIST_KEY_UILaunchScreen_Generation = YES;
				INFOPLIST_KEY_UISupportedInterfaceOrientations = UIInterfaceOrientationPortrait;
				INFOPLIST_KEY_UISupportedInterfaceOrientations_iPad = "UIInterfaceOrientationLandscapeLeft UIInterfaceOrientationLandscapeRight UIInterfaceOrientationPortrait UIInterfaceOrientationPortraitUpsideDown";
				IPHONEOS_DEPLOYMENT_TARGET = 26.0;
				LD_RUNPATH_SEARCH_PATHS = (
					"$(inherited)",
					"@executable_path/Frameworks",
				);
				MARKETING_VERSION = 1.0;
				PRODUCT_BUNDLE_IDENTIFIER = com.tacme.indoornavigation;
				PRODUCT_NAME = "$(TARGET_NAME)";
				SWIFT_EMIT_LOC_STRINGS = YES;
				SWIFT_STRICT_CONCURRENCY = complete;
				SWIFT_VERSION = 5.0;
				TARGETED_DEVICE_FAMILY = "1,2";
			};
			name = Release;
		};
/* End XCBuildConfiguration section */

/* Begin XCConfigurationList section */
		A80000010000000000000001 /* Build configuration list for PBXNativeTarget "IndoorNavigationTACME" */ = {
			isa = XCConfigurationList;
			buildConfigurations = (
				B10000010000000000000003 /* Debug */,
				B10000010000000000000004 /* Release */,
			);
			defaultConfigurationIsVisible = 0;
			defaultConfigurationName = Release;
		};
		A80000010000000000000002 /* Build configuration list for PBXProject "IndoorNavigationTACME" */ = {
			isa = XCConfigurationList;
			buildConfigurations = (
				B10000010000000000000001 /* Debug */,
				B10000010000000000000002 /* Release */,
			);
			defaultConfigurationIsVisible = 0;
			defaultConfigurationName = Release;
		};
/* End XCConfigurationList section */
	};
	rootObject = A90000010000000000000001 /* Project object */;
}
